
Microsoft Visual Studio Solution File, Format Version 12.00
# Visual Studio Version 16
VisualStudioVersion = 16.0.29102.190
MinimumVisualStudioVersion = 10.0.40219.1
Project("{2150E333-8FDC-42A3-9474-1A3956D46DE8}") = "Other", "Other", "{E9E982D4-367F-4305-ABDF-3B590673DADD}"
	ProjectSection(SolutionItems) = preProject
		Readme.MD = Readme.MD
	EndProjectSection
EndProject
Project("{9A19103F-16F7-4668-BE54-9A1E7A4F7556}") = "Vsd.Data", "Vsd.Data\Vsd.Data.csproj", "{4A907003-F3A1-44DF-A6CD-D71A96AB4A6E}"
EndProject
Project("{9A19103F-16F7-4668-BE54-9A1E7A4F7556}") = "Vsd.Server", "Vsd.Server\Vsd.Server.csproj", "{7459616B-D3CE-4C69-A112-690B38CFB0EC}"
EndProject
Project("{FAE04EC0-301F-11D3-BF4B-00C04F79EFBC}") = "Vsd.Web", "Vsd.Web\Vsd.Web.csproj", "{779BC3B7-BA72-4049-837D-3DDC53FBC0A9}"
EndProject
Global
	GlobalSection(SolutionConfigurationPlatforms) = preSolution
		Debug|Any CPU = Debug|Any CPU
		Release|Any CPU = Release|Any CPU
	EndGlobalSection
	GlobalSection(ProjectConfigurationPlatforms) = postSolution
		{4A907003-F3A1-44DF-A6CD-D71A96AB4A6E}.Debug|Any CPU.ActiveCfg = Debug|Any CPU
		{4A907003-F3A1-44DF-A6CD-D71A96AB4A6E}.Debug|Any CPU.Build.0 = Debug|Any CPU
		{4A907003-F3A1-44DF-A6CD-D71A96AB4A6E}.Release|Any CPU.ActiveCfg = Release|Any CPU
		{4A907003-F3A1-44DF-A6CD-D71A96AB4A6E}.Release|Any CPU.Build.0 = Release|Any CPU
		{7459616B-D3CE-4C69-A112-690B38CFB0EC}.Debug|Any CPU.ActiveCfg = Debug|Any CPU
		{7459616B-D3CE-4C69-A112-690B38CFB0EC}.Debug|Any CPU.Build.0 = Debug|Any CPU
		{7459616B-D3CE-4C69-A112-690B38CFB0EC}.Release|Any CPU.ActiveCfg = Release|Any CPU
		{7459616B-D3CE-4C69-A112-690B38CFB0EC}.Release|Any CPU.Build.0 = Release|Any CPU
		{779BC3B7-BA72-4049-837D-3DDC53FBC0A9}.Debug|Any CPU.ActiveCfg = Debug|Any CPU
		{779BC3B7-BA72-4049-837D-3DDC53FBC0A9}.Debug|Any CPU.Build.0 = Debug|Any CPU
		{779BC3B7-BA72-4049-837D-3DDC53FBC0A9}.Release|Any CPU.ActiveCfg = Release|Any CPU
		{779BC3B7-BA72-4049-837D-3DDC53FBC0A9}.Release|Any CPU.Build.0 = Release|Any CPU
	EndGlobalSection
	GlobalSection(SolutionProperties) = preSolution
		HideSolutionNode = FALSE
	EndGlobalSection
	GlobalSection(ExtensibilityGlobals) = postSolution
		SolutionGuid = {E2BACAC2-15CC-4C71-9436-1616D7607684}
	EndGlobalSection
EndGlobal
