
Microsoft Visual Studio Solution File, Format Version 12.00
# Visual Studio Version 16
VisualStudioVersion = 16.0.30225.117
MinimumVisualStudioVersion = 10.0.40219.1
Project("{9A19103F-16F7-4668-BE54-9A1E7A4F7556}") = "xLink", "xLink\xLink.csproj", "{8DF06706-AD6E-4F75-99A8-3F610F0FBE7C}"
EndProject
Project("{9A19103F-16F7-4668-BE54-9A1E7A4F7556}") = "xLink.Server", "xLink.Server\xLink.Server.csproj", "{F51C838F-757F-415B-8968-94E3C9029D82}"
EndProject
Project("{2150E333-8FDC-42A3-9474-1A3956D46DE8}") = "Other", "Other", "{E9E982D4-367F-4305-ABDF-3B590673DADD}"
	ProjectSection(SolutionItems) = preProject
		Readme.MD = Readme.MD
	EndProjectSection
EndProject
Project("{FAE04EC0-301F-11D3-BF4B-00C04F79EFBC}") = "xLink.Client", "xLink.Client\xLink.Client.csproj", "{9B82E70B-389D-4328-A5E2-BE2837072C38}"
EndProject
Project("{FAE04EC0-301F-11D3-BF4B-00C04F79EFBC}") = "xLink.Web", "xLink.Web\xLink.Web.csproj", "{779BC3B7-BA72-4049-837D-3DDC53FBC0A9}"
EndProject
Project("{2150E333-8FDC-42A3-9474-1A3956D46DE8}") = "Solution Items", "Solution Items", "{9230D351-C064-4B0D-B86D-4C76E85762E5}"
	ProjectSection(SolutionItems) = preProject
		.editorconfig = .editorconfig
	EndProjectSection
EndProject
Project("{FAE04EC0-301F-11D3-BF4B-00C04F79EFBC}") = "xLink.Data", "xLink.Data\xLink.Data.csproj", "{3A0A4E07-B5BC-4307-B6CB-8E57F1E9AACC}"
EndProject
Global
	GlobalSection(SolutionConfigurationPlatforms) = preSolution
		Debug|Any CPU = Debug|Any CPU
		Release|Any CPU = Release|Any CPU
	EndGlobalSection
	GlobalSection(ProjectConfigurationPlatforms) = postSolution
		{8DF06706-AD6E-4F75-99A8-3F610F0FBE7C}.Debug|Any CPU.ActiveCfg = Debug|Any CPU
		{8DF06706-AD6E-4F75-99A8-3F610F0FBE7C}.Debug|Any CPU.Build.0 = Debug|Any CPU
		{8DF06706-AD6E-4F75-99A8-3F610F0FBE7C}.Release|Any CPU.ActiveCfg = Release|Any CPU
		{8DF06706-AD6E-4F75-99A8-3F610F0FBE7C}.Release|Any CPU.Build.0 = Release|Any CPU
		{F51C838F-757F-415B-8968-94E3C9029D82}.Debug|Any CPU.ActiveCfg = Debug|Any CPU
		{F51C838F-757F-415B-8968-94E3C9029D82}.Debug|Any CPU.Build.0 = Debug|Any CPU
		{F51C838F-757F-415B-8968-94E3C9029D82}.Release|Any CPU.ActiveCfg = Release|Any CPU
		{F51C838F-757F-415B-8968-94E3C9029D82}.Release|Any CPU.Build.0 = Release|Any CPU
		{9B82E70B-389D-4328-A5E2-BE2837072C38}.Debug|Any CPU.ActiveCfg = Debug|Any CPU
		{9B82E70B-389D-4328-A5E2-BE2837072C38}.Debug|Any CPU.Build.0 = Debug|Any CPU
		{9B82E70B-389D-4328-A5E2-BE2837072C38}.Release|Any CPU.ActiveCfg = Release|Any CPU
		{9B82E70B-389D-4328-A5E2-BE2837072C38}.Release|Any CPU.Build.0 = Release|Any CPU
		{779BC3B7-BA72-4049-837D-3DDC53FBC0A9}.Debug|Any CPU.ActiveCfg = Debug|Any CPU
		{779BC3B7-BA72-4049-837D-3DDC53FBC0A9}.Debug|Any CPU.Build.0 = Debug|Any CPU
		{779BC3B7-BA72-4049-837D-3DDC53FBC0A9}.Release|Any CPU.ActiveCfg = Release|Any CPU
		{779BC3B7-BA72-4049-837D-3DDC53FBC0A9}.Release|Any CPU.Build.0 = Release|Any CPU
		{3A0A4E07-B5BC-4307-B6CB-8E57F1E9AACC}.Debug|Any CPU.ActiveCfg = Debug|Any CPU
		{3A0A4E07-B5BC-4307-B6CB-8E57F1E9AACC}.Debug|Any CPU.Build.0 = Debug|Any CPU
		{3A0A4E07-B5BC-4307-B6CB-8E57F1E9AACC}.Release|Any CPU.ActiveCfg = Release|Any CPU
		{3A0A4E07-B5BC-4307-B6CB-8E57F1E9AACC}.Release|Any CPU.Build.0 = Release|Any CPU
	EndGlobalSection
	GlobalSection(SolutionProperties) = preSolution
		HideSolutionNode = FALSE
	EndGlobalSection
	GlobalSection(ExtensibilityGlobals) = postSolution
		SolutionGuid = {E2BACAC2-15CC-4C71-9436-1616D7607684}
	EndGlobalSection
EndGlobal
